
Microsoft Visual Studio Solution File, Format Version 12.00
# Visual Studio Version 16
VisualStudioVersion = 16.0.31515.178
MinimumVisualStudioVersion = 10.0.40219.1
Project("{FAE04EC0-301F-11D3-BF4B-00C04F79EFBC}") = "ProgramaIntermedioPackinMicroplus", "ProgramaIntermedioPackinMicroplus.csproj", "{AD64EFF8-9556-4A3A-AC35-A89FE97B3B93}"
EndProject
Global
	GlobalSection(SolutionConfigurationPlatforms) = preSolution
		Debug|Any CPU = Debug|Any CPU
		Release|Any CPU = Release|Any CPU
	EndGlobalSection
	GlobalSection(ProjectConfigurationPlatforms) = postSolution
		{AD64EFF8-9556-4A3A-AC35-A89FE97B3B93}.Debug|Any CPU.ActiveCfg = Debug|Any CPU
		{AD64EFF8-9556-4A3A-AC35-A89FE97B3B93}.Debug|Any CPU.Build.0 = Debug|Any CPU
		{AD64EFF8-9556-4A3A-AC35-A89FE97B3B93}.Release|Any CPU.ActiveCfg = Release|Any CPU
		{AD64EFF8-9556-4A3A-AC35-A89FE97B3B93}.Release|Any CPU.Build.0 = Release|Any CPU
	EndGlobalSection
	GlobalSection(SolutionProperties) = preSolution
		HideSolutionNode = FALSE
	EndGlobalSection
	GlobalSection(ExtensibilityGlobals) = postSolution
		SolutionGuid = {0A675C70-FBD4-47C1-A0CE-C27868F99F1D}
	EndGlobalSection
EndGlobal
